
Microsoft Visual Studio Solution File, Format Version 12.00
Project("{2150E333-8FDC-42A3-9474-1A3956D46DE8}") = "items", "items", "{B3E4F85D-346A-4CFF-80CB-AF9938F98A9B}"
	ProjectSection(SolutionItems) = preProject
		README.md = README.md
	EndProjectSection
EndProject
Project("{2150E333-8FDC-42A3-9474-1A3956D46DE8}") = "src", "src", "{A8BD090B-750C-4B2A-A74F-F741D22B2B2D}"
EndProject
Project("{2150E333-8FDC-42A3-9474-1A3956D46DE8}") = "tests", "tests", "{17D5FF83-7C71-4D5F-8C5B-BAB0300288E3}"
EndProject
Project("{FAE04EC0-301F-11D3-BF4B-00C04F79EFBC}") = "Application", "Application\Application.csproj", "{8C77EA82-9D3B-47F2-9FC9-800D1D29C890}"
EndProject
Project("{FAE04EC0-301F-11D3-BF4B-00C04F79EFBC}") = "Domain", "Domain\Domain.csproj", "{51FD9D3A-3B91-455A-AE9E-7B1F6AE9B6A6}"
EndProject
Project("{FAE04EC0-301F-11D3-BF4B-00C04F79EFBC}") = "Infrastructure", "Infrastructure\Infrastructure.csproj", "{34B48A77-31FA-4380-9EBA-3105DCDC723A}"
EndProject
Project("{FAE04EC0-301F-11D3-BF4B-00C04F79EFBC}") = "Web", "Web\Web.csproj", "{E0053CFA-9726-45B3-9755-1827FF6010C3}"
EndProject
Project("{FAE04EC0-301F-11D3-BF4B-00C04F79EFBC}") = "IntegrationTest", "IntegrationTest\IntegrationTest.csproj", "{5DFEF5B4-AD02-4605-A34B-3FCDF4D3C1C4}"
EndProject
Global
	GlobalSection(SolutionConfigurationPlatforms) = preSolution
		Debug|Any CPU = Debug|Any CPU
		Release|Any CPU = Release|Any CPU
	EndGlobalSection
	GlobalSection(NestedProjects) = preSolution
		{8C77EA82-9D3B-47F2-9FC9-800D1D29C890} = {A8BD090B-750C-4B2A-A74F-F741D22B2B2D}
		{51FD9D3A-3B91-455A-AE9E-7B1F6AE9B6A6} = {A8BD090B-750C-4B2A-A74F-F741D22B2B2D}
		{34B48A77-31FA-4380-9EBA-3105DCDC723A} = {A8BD090B-750C-4B2A-A74F-F741D22B2B2D}
		{E0053CFA-9726-45B3-9755-1827FF6010C3} = {A8BD090B-750C-4B2A-A74F-F741D22B2B2D}
		{5DFEF5B4-AD02-4605-A34B-3FCDF4D3C1C4} = {17D5FF83-7C71-4D5F-8C5B-BAB0300288E3}
	EndGlobalSection
	GlobalSection(ProjectConfigurationPlatforms) = postSolution
		{8C77EA82-9D3B-47F2-9FC9-800D1D29C890}.Debug|Any CPU.ActiveCfg = Debug|Any CPU
		{8C77EA82-9D3B-47F2-9FC9-800D1D29C890}.Debug|Any CPU.Build.0 = Debug|Any CPU
		{8C77EA82-9D3B-47F2-9FC9-800D1D29C890}.Release|Any CPU.ActiveCfg = Release|Any CPU
		{8C77EA82-9D3B-47F2-9FC9-800D1D29C890}.Release|Any CPU.Build.0 = Release|Any CPU
		{51FD9D3A-3B91-455A-AE9E-7B1F6AE9B6A6}.Debug|Any CPU.ActiveCfg = Debug|Any CPU
		{51FD9D3A-3B91-455A-AE9E-7B1F6AE9B6A6}.Debug|Any CPU.Build.0 = Debug|Any CPU
		{51FD9D3A-3B91-455A-AE9E-7B1F6AE9B6A6}.Release|Any CPU.ActiveCfg = Release|Any CPU
		{51FD9D3A-3B91-455A-AE9E-7B1F6AE9B6A6}.Release|Any CPU.Build.0 = Release|Any CPU
		{34B48A77-31FA-4380-9EBA-3105DCDC723A}.Debug|Any CPU.ActiveCfg = Debug|Any CPU
		{34B48A77-31FA-4380-9EBA-3105DCDC723A}.Debug|Any CPU.Build.0 = Debug|Any CPU
		{34B48A77-31FA-4380-9EBA-3105DCDC723A}.Release|Any CPU.ActiveCfg = Release|Any CPU
		{34B48A77-31FA-4380-9EBA-3105DCDC723A}.Release|Any CPU.Build.0 = Release|Any CPU
		{E0053CFA-9726-45B3-9755-1827FF6010C3}.Debug|Any CPU.ActiveCfg = Debug|Any CPU
		{E0053CFA-9726-45B3-9755-1827FF6010C3}.Debug|Any CPU.Build.0 = Debug|Any CPU
		{E0053CFA-9726-45B3-9755-1827FF6010C3}.Release|Any CPU.ActiveCfg = Release|Any CPU
		{E0053CFA-9726-45B3-9755-1827FF6010C3}.Release|Any CPU.Build.0 = Release|Any CPU
		{5DFEF5B4-AD02-4605-A34B-3FCDF4D3C1C4}.Debug|Any CPU.ActiveCfg = Debug|Any CPU
		{5DFEF5B4-AD02-4605-A34B-3FCDF4D3C1C4}.Debug|Any CPU.Build.0 = Debug|Any CPU
		{5DFEF5B4-AD02-4605-A34B-3FCDF4D3C1C4}.Release|Any CPU.ActiveCfg = Release|Any CPU
		{5DFEF5B4-AD02-4605-A34B-3FCDF4D3C1C4}.Release|Any CPU.Build.0 = Release|Any CPU
	EndGlobalSection
EndGlobal
